// !$*UTF8*$!
{
	archiveVersion = 1;
	classes = {
	};
	objectVersion = 56;
	objects = {

/* Begin PBXBuildFile section */
		E6EEFC4E2A9209BC0034D768 /* AppDelegate.swift in Sources */ = {isa = PBXBuildFile; fileRef = E6EEFC4D2A9209BC0034D768 /* AppDelegate.swift */; };
		E6EEFC502A9209BC0034D768 /* SceneDelegate.swift in Sources */ = {isa = PBXBuildFile; fileRef = E6EEFC4F2A9209BC0034D768 /* SceneDelegate.swift */; };
		E6EEFC522A9209BC0034D768 /* ViewController.swift in Sources */ = {isa = PBXBuildFile; fileRef = E6EEFC512A9209BC0034D768 /* ViewController.swift */; };
		E6EEFC552A9209BC0034D768 /* Main.storyboard in Resources */ = {isa = PBXBuildFile; fileRef = E6EEFC532A9209BC0034D768 /* Main.storyboard */; };
		E6EEFC572A9209BD0034D768 /* Assets.xcassets in Resources */ = {isa = PBXBuildFile; fileRef = E6EEFC562A9209BD0034D768 /* Assets.xcassets */; };
		E6EEFC5A2A9209BD0034D768 /* LaunchScreen.storyboard in Resources */ = {isa = PBXBuildFile; fileRef = E6EEFC582A9209BD0034D768 /* LaunchScreen.storyboard */; };
		E6EEFC652A9209BD0034D768 /* UIKit_CalculatorTests.swift in Sources */ = {isa = PBXBuildFile; fileRef = E6EEFC642A9209BD0034D768 /* UIKit_CalculatorTests.swift */; };
		E6EEFC6F2A9209BD0034D768 /* UIKit_CalculatorUITests.swift in Sources */ = {isa = PBXBuildFile; fileRef = E6EEFC6E2A9209BD0034D768 /* UIKit_CalculatorUITests.swift */; };
		E6EEFC712A9209BD0034D768 /* UIKit_CalculatorUITestsLaunchTests.swift in Sources */ = {isa = PBXBuildFile; fileRef = E6EEFC702A9209BD0034D768 /* UIKit_CalculatorUITestsLaunchTests.swift */; };
		E6EEFC872A920ABC0034D768 /* Token.swift in Sources */ = {isa = PBXBuildFile; fileRef = E6EEFC862A920ABC0034D768 /* Token.swift */; };
		E6EEFC892A920BCA0034D768 /* TokenType.swift in Sources */ = {isa = PBXBuildFile; fileRef = E6EEFC882A920BCA0034D768 /* TokenType.swift */; };
		E6EEFC8E2A92109A0034D768 /* UnaryOperator.swift in Sources */ = {isa = PBXBuildFile; fileRef = E6EEFC8D2A92109A0034D768 /* UnaryOperator.swift */; };
		E6EEFC902A9211120034D768 /* UnaryOperatorType.swift in Sources */ = {isa = PBXBuildFile; fileRef = E6EEFC8F2A9211120034D768 /* UnaryOperatorType.swift */; };
		E6EEFC922A9211850034D768 /* UnaryOperatorProtocol.swift in Sources */ = {isa = PBXBuildFile; fileRef = E6EEFC912A9211850034D768 /* UnaryOperatorProtocol.swift */; };
		E6EEFC942A9261FD0034D768 /* BinaryOperator.swift in Sources */ = {isa = PBXBuildFile; fileRef = E6EEFC932A9261FD0034D768 /* BinaryOperator.swift */; };
		E6EEFC962A9262160034D768 /* BinaryOperatorType.swift in Sources */ = {isa = PBXBuildFile; fileRef = E6EEFC952A9262160034D768 /* BinaryOperatorType.swift */; };
		E6EEFC982A9265280034D768 /* BinaryOperatorProtocol.swift in Sources */ = {isa = PBXBuildFile; fileRef = E6EEFC972A9265280034D768 /* BinaryOperatorProtocol.swift */; };
		E6EEFC9A2A9265300034D768 /* BinaryOperatorPrecendence.swift in Sources */ = {isa = PBXBuildFile; fileRef = E6EEFC992A9265300034D768 /* BinaryOperatorPrecendence.swift */; };
		E6EEFC9C2A9265C70034D768 /* BinaryOperatorAssociativity.swift in Sources */ = {isa = PBXBuildFile; fileRef = E6EEFC9B2A9265C70034D768 /* BinaryOperatorAssociativity.swift */; };
		E6EEFC9F2A9281FC0034D768 /* TokenFactory.swift in Sources */ = {isa = PBXBuildFile; fileRef = E6EEFC9E2A9281FC0034D768 /* TokenFactory.swift */; };
		E6EEFCA42A9287BF0034D768 /* Builder.swift in Sources */ = {isa = PBXBuildFile; fileRef = E6EEFCA32A9287BF0034D768 /* Builder.swift */; };
		E6EEFCA62A928C8B0034D768 /* Converter.swift in Sources */ = {isa = PBXBuildFile; fileRef = E6EEFCA52A928C8B0034D768 /* Converter.swift */; };
		E6EEFCA82A928C920034D768 /* ConverterProtocol.swift in Sources */ = {isa = PBXBuildFile; fileRef = E6EEFCA72A928C920034D768 /* ConverterProtocol.swift */; };
		E6EEFCAA2A928CCC0034D768 /* Typealiases.swift in Sources */ = {isa = PBXBuildFile; fileRef = E6EEFCA92A928CCC0034D768 /* Typealiases.swift */; };
/* End PBXBuildFile section */

/* Begin PBXContainerItemProxy section */
		E6EEFC612A9209BD0034D768 /* PBXContainerItemProxy */ = {
			isa = PBXContainerItemProxy;
			containerPortal = E6EEFC422A9209BC0034D768 /* Project object */;
			proxyType = 1;
			remoteGlobalIDString = E6EEFC492A9209BC0034D768;
			remoteInfo = "UIKit-Calculator";
		};
		E6EEFC6B2A9209BD0034D768 /* PBXContainerItemProxy */ = {
			isa = PBXContainerItemProxy;
			containerPortal = E6EEFC422A9209BC0034D768 /* Project object */;
			proxyType = 1;
			remoteGlobalIDString = E6EEFC492A9209BC0034D768;
			remoteInfo = "UIKit-Calculator";
		};
/* End PBXContainerItemProxy section */

/* Begin PBXFileReference section */
		E6EEFC4A2A9209BC0034D768 /* UIKit-Calculator.app */ = {isa = PBXFileReference; explicitFileType = wrapper.application; includeInIndex = 0; path = "UIKit-Calculator.app"; sourceTree = BUILT_PRODUCTS_DIR; };
		E6EEFC4D2A9209BC0034D768 /* AppDelegate.swift */ = {isa = PBXFileReference; lastKnownFileType = sourcecode.swift; path = AppDelegate.swift; sourceTree = "<group>"; };
		E6EEFC4F2A9209BC0034D768 /* SceneDelegate.swift */ = {isa = PBXFileReference; lastKnownFileType = sourcecode.swift; path = SceneDelegate.swift; sourceTree = "<group>"; };
		E6EEFC512A9209BC0034D768 /* ViewController.swift */ = {isa = PBXFileReference; lastKnownFileType = sourcecode.swift; path = ViewController.swift; sourceTree = "<group>"; };
		E6EEFC542A9209BC0034D768 /* Base */ = {isa = PBXFileReference; lastKnownFileType = file.storyboard; name = Base; path = Base.lproj/Main.storyboard; sourceTree = "<group>"; };
		E6EEFC562A9209BD0034D768 /* Assets.xcassets */ = {isa = PBXFileReference; lastKnownFileType = folder.assetcatalog; path = Assets.xcassets; sourceTree = "<group>"; };
		E6EEFC592A9209BD0034D768 /* Base */ = {isa = PBXFileReference; lastKnownFileType = file.storyboard; name = Base; path = Base.lproj/LaunchScreen.storyboard; sourceTree = "<group>"; };
		E6EEFC5B2A9209BD0034D768 /* Info.plist */ = {isa = PBXFileReference; lastKnownFileType = text.plist.xml; path = Info.plist; sourceTree = "<group>"; };
		E6EEFC602A9209BD0034D768 /* UIKit-CalculatorTests.xctest */ = {isa = PBXFileReference; explicitFileType = wrapper.cfbundle; includeInIndex = 0; path = "UIKit-CalculatorTests.xctest"; sourceTree = BUILT_PRODUCTS_DIR; };
		E6EEFC642A9209BD0034D768 /* UIKit_CalculatorTests.swift */ = {isa = PBXFileReference; lastKnownFileType = sourcecode.swift; path = UIKit_CalculatorTests.swift; sourceTree = "<group>"; };
		E6EEFC6A2A9209BD0034D768 /* UIKit-CalculatorUITests.xctest */ = {isa = PBXFileReference; explicitFileType = wrapper.cfbundle; includeInIndex = 0; path = "UIKit-CalculatorUITests.xctest"; sourceTree = BUILT_PRODUCTS_DIR; };
		E6EEFC6E2A9209BD0034D768 /* UIKit_CalculatorUITests.swift */ = {isa = PBXFileReference; lastKnownFileType = sourcecode.swift; path = UIKit_CalculatorUITests.swift; sourceTree = "<group>"; };
		E6EEFC702A9209BD0034D768 /* UIKit_CalculatorUITestsLaunchTests.swift */ = {isa = PBXFileReference; lastKnownFileType = sourcecode.swift; path = UIKit_CalculatorUITestsLaunchTests.swift; sourceTree = "<group>"; };
		E6EEFC862A920ABC0034D768 /* Token.swift */ = {isa = PBXFileReference; lastKnownFileType = sourcecode.swift; path = Token.swift; sourceTree = "<group>"; };
		E6EEFC882A920BCA0034D768 /* TokenType.swift */ = {isa = PBXFileReference; lastKnownFileType = sourcecode.swift; path = TokenType.swift; sourceTree = "<group>"; };
		E6EEFC8D2A92109A0034D768 /* UnaryOperator.swift */ = {isa = PBXFileReference; lastKnownFileType = sourcecode.swift; path = UnaryOperator.swift; sourceTree = "<group>"; };
		E6EEFC8F2A9211120034D768 /* UnaryOperatorType.swift */ = {isa = PBXFileReference; lastKnownFileType = sourcecode.swift; path = UnaryOperatorType.swift; sourceTree = "<group>"; };
		E6EEFC912A9211850034D768 /* UnaryOperatorProtocol.swift */ = {isa = PBXFileReference; lastKnownFileType = sourcecode.swift; path = UnaryOperatorProtocol.swift; sourceTree = "<group>"; };
		E6EEFC932A9261FD0034D768 /* BinaryOperator.swift */ = {isa = PBXFileReference; lastKnownFileType = sourcecode.swift; path = BinaryOperator.swift; sourceTree = "<group>"; };
		E6EEFC952A9262160034D768 /* BinaryOperatorType.swift */ = {isa = PBXFileReference; lastKnownFileType = sourcecode.swift; path = BinaryOperatorType.swift; sourceTree = "<group>"; };
		E6EEFC972A9265280034D768 /* BinaryOperatorProtocol.swift */ = {isa = PBXFileReference; lastKnownFileType = sourcecode.swift; path = BinaryOperatorProtocol.swift; sourceTree = "<group>"; };
		E6EEFC992A9265300034D768 /* BinaryOperatorPrecendence.swift */ = {isa = PBXFileReference; lastKnownFileType = sourcecode.swift; path = BinaryOperatorPrecendence.swift; sourceTree = "<group>"; };
		E6EEFC9B2A9265C70034D768 /* BinaryOperatorAssociativity.swift */ = {isa = PBXFileReference; lastKnownFileType = sourcecode.swift; path = BinaryOperatorAssociativity.swift; sourceTree = "<group>"; };
		E6EEFC9E2A9281FC0034D768 /* TokenFactory.swift */ = {isa = PBXFileReference; lastKnownFileType = sourcecode.swift; path = TokenFactory.swift; sourceTree = "<group>"; };
		E6EEFCA32A9287BF0034D768 /* Builder.swift */ = {isa = PBXFileReference; lastKnownFileType = sourcecode.swift; path = Builder.swift; sourceTree = "<group>"; };
		E6EEFCA52A928C8B0034D768 /* Converter.swift */ = {isa = PBXFileReference; lastKnownFileType = sourcecode.swift; path = Converter.swift; sourceTree = "<group>"; };
		E6EEFCA72A928C920034D768 /* ConverterProtocol.swift */ = {isa = PBXFileReference; lastKnownFileType = sourcecode.swift; path = ConverterProtocol.swift; sourceTree = "<group>"; };
		E6EEFCA92A928CCC0034D768 /* Typealiases.swift */ = {isa = PBXFileReference; lastKnownFileType = sourcecode.swift; path = Typealiases.swift; sourceTree = "<group>"; };
/* End PBXFileReference section */

/* Begin PBXFrameworksBuildPhase section */
		E6EEFC472A9209BC0034D768 /* Frameworks */ = {
			isa = PBXFrameworksBuildPhase;
			buildActionMask = 2147483647;
			files = (
			);
			runOnlyForDeploymentPostprocessing = 0;
		};
		E6EEFC5D2A9209BD0034D768 /* Frameworks */ = {
			isa = PBXFrameworksBuildPhase;
			buildActionMask = 2147483647;
			files = (
			);
			runOnlyForDeploymentPostprocessing = 0;
		};
		E6EEFC672A9209BD0034D768 /* Frameworks */ = {
			isa = PBXFrameworksBuildPhase;
			buildActionMask = 2147483647;
			files = (
			);
			runOnlyForDeploymentPostprocessing = 0;
		};
/* End PBXFrameworksBuildPhase section */

/* Begin PBXGroup section */
		E6EEFC412A9209BC0034D768 = {
			isa = PBXGroup;
			children = (
				E6EEFC4C2A9209BC0034D768 /* UIKit-Calculator */,
				E6EEFC632A9209BD0034D768 /* UIKit-CalculatorTests */,
				E6EEFC6D2A9209BD0034D768 /* UIKit-CalculatorUITests */,
				E6EEFC4B2A9209BC0034D768 /* Products */,
			);
			sourceTree = "<group>";
		};
		E6EEFC4B2A9209BC0034D768 /* Products */ = {
			isa = PBXGroup;
			children = (
				E6EEFC4A2A9209BC0034D768 /* UIKit-Calculator.app */,
				E6EEFC602A9209BD0034D768 /* UIKit-CalculatorTests.xctest */,
				E6EEFC6A2A9209BD0034D768 /* UIKit-CalculatorUITests.xctest */,
			);
			name = Products;
			sourceTree = "<group>";
		};
		E6EEFC4C2A9209BC0034D768 /* UIKit-Calculator */ = {
			isa = PBXGroup;
			children = (
				E6EEFC532A9209BC0034D768 /* Main.storyboard */,
				E6EEFC842A920A590034D768 /* App */,
				E6EEFC812A920A4C0034D768 /* Model */,
				E6EEFC802A920A3D0034D768 /* Views */,
				E6EEFC7F2A920A380034D768 /* ViewControllers */,
				E6EEFC822A920A4F0034D768 /* Extensions */,
				E6EEFC832A920A530034D768 /* Helpers */,
				E6EEFC7E2A920A300034D768 /* Resources */,
				E6EEFC5B2A9209BD0034D768 /* Info.plist */,
			);
			path = "UIKit-Calculator";
			sourceTree = "<group>";
		};
		E6EEFC632A9209BD0034D768 /* UIKit-CalculatorTests */ = {
			isa = PBXGroup;
			children = (
				E6EEFC642A9209BD0034D768 /* UIKit_CalculatorTests.swift */,
			);
			path = "UIKit-CalculatorTests";
			sourceTree = "<group>";
		};
		E6EEFC6D2A9209BD0034D768 /* UIKit-CalculatorUITests */ = {
			isa = PBXGroup;
			children = (
				E6EEFC6E2A9209BD0034D768 /* UIKit_CalculatorUITests.swift */,
				E6EEFC702A9209BD0034D768 /* UIKit_CalculatorUITestsLaunchTests.swift */,
			);
			path = "UIKit-CalculatorUITests";
			sourceTree = "<group>";
		};
		E6EEFC7E2A920A300034D768 /* Resources */ = {
			isa = PBXGroup;
			children = (
				E6EEFC562A9209BD0034D768 /* Assets.xcassets */,
				E6EEFC582A9209BD0034D768 /* LaunchScreen.storyboard */,
			);
			path = Resources;
			sourceTree = "<group>";
		};
		E6EEFC7F2A920A380034D768 /* ViewControllers */ = {
			isa = PBXGroup;
			children = (
				E6EEFC512A9209BC0034D768 /* ViewController.swift */,
			);
			path = ViewControllers;
			sourceTree = "<group>";
		};
		E6EEFC802A920A3D0034D768 /* Views */ = {
			isa = PBXGroup;
			children = (
			);
			path = Views;
			sourceTree = "<group>";
		};
		E6EEFC812A920A4C0034D768 /* Model */ = {
			isa = PBXGroup;
			children = (
				E6EEFC852A920AB60034D768 /* Token */,
				E6EEFCA02A92878F0034D768 /* Builder */,
				E6EEFCA12A9287A30034D768 /* Converter */,
				E6EEFCA22A9287A60034D768 /* Evaluator */,
			);
			path = Model;
			sourceTree = "<group>";
		};
		E6EEFC822A920A4F0034D768 /* Extensions */ = {
			isa = PBXGroup;
			children = (
			);
			path = Extensions;
			sourceTree = "<group>";
		};
		E6EEFC832A920A530034D768 /* Helpers */ = {
			isa = PBXGroup;
			children = (
				E6EEFCA92A928CCC0034D768 /* Typealiases.swift */,
			);
			path = Helpers;
			sourceTree = "<group>";
		};
		E6EEFC842A920A590034D768 /* App */ = {
			isa = PBXGroup;
			children = (
				E6EEFC4D2A9209BC0034D768 /* AppDelegate.swift */,
				E6EEFC4F2A9209BC0034D768 /* SceneDelegate.swift */,
			);
			path = App;
			sourceTree = "<group>";
		};
		E6EEFC852A920AB60034D768 /* Token */ = {
			isa = PBXGroup;
			children = (
				E6EEFC862A920ABC0034D768 /* Token.swift */,
				E6EEFC882A920BCA0034D768 /* TokenType.swift */,
				E6EEFC9D2A9281ED0034D768 /* Token Factory */,
				E6EEFC8A2A920D480034D768 /* Token Contents */,
			);
			path = Token;
			sourceTree = "<group>";
		};
		E6EEFC8A2A920D480034D768 /* Token Contents */ = {
			isa = PBXGroup;
			children = (
				E6EEFC8C2A920D6B0034D768 /* Unary Operator */,
				E6EEFC8B2A920D650034D768 /* Binary Operator */,
			);
			path = "Token Contents";
			sourceTree = "<group>";
		};
		E6EEFC8B2A920D650034D768 /* Binary Operator */ = {
			isa = PBXGroup;
			children = (
				E6EEFC932A9261FD0034D768 /* BinaryOperator.swift */,
				E6EEFC952A9262160034D768 /* BinaryOperatorType.swift */,
				E6EEFC972A9265280034D768 /* BinaryOperatorProtocol.swift */,
				E6EEFC992A9265300034D768 /* BinaryOperatorPrecendence.swift */,
				E6EEFC9B2A9265C70034D768 /* BinaryOperatorAssociativity.swift */,
			);
			path = "Binary Operator";
			sourceTree = "<group>";
		};
		E6EEFC8C2A920D6B0034D768 /* Unary Operator */ = {
			isa = PBXGroup;
			children = (
				E6EEFC8D2A92109A0034D768 /* UnaryOperator.swift */,
				E6EEFC8F2A9211120034D768 /* UnaryOperatorType.swift */,
				E6EEFC912A9211850034D768 /* UnaryOperatorProtocol.swift */,
			);
			path = "Unary Operator";
			sourceTree = "<group>";
		};
		E6EEFC9D2A9281ED0034D768 /* Token Factory */ = {
			isa = PBXGroup;
			children = (
				E6EEFC9E2A9281FC0034D768 /* TokenFactory.swift */,
			);
			path = "Token Factory";
			sourceTree = "<group>";
		};
		E6EEFCA02A92878F0034D768 /* Builder */ = {
			isa = PBXGroup;
			children = (
				E6EEFCA32A9287BF0034D768 /* Builder.swift */,
			);
			path = Builder;
			sourceTree = "<group>";
		};
		E6EEFCA12A9287A30034D768 /* Converter */ = {
			isa = PBXGroup;
			children = (
				E6EEFCA52A928C8B0034D768 /* Converter.swift */,
				E6EEFCA72A928C920034D768 /* ConverterProtocol.swift */,
			);
			path = Converter;
			sourceTree = "<group>";
		};
		E6EEFCA22A9287A60034D768 /* Evaluator */ = {
			isa = PBXGroup;
			children = (
			);
			path = Evaluator;
			sourceTree = "<group>";
		};
/* End PBXGroup section */

/* Begin PBXNativeTarget section */
		E6EEFC492A9209BC0034D768 /* UIKit-Calculator */ = {
			isa = PBXNativeTarget;
			buildConfigurationList = E6EEFC742A9209BD0034D768 /* Build configuration list for PBXNativeTarget "UIKit-Calculator" */;
			buildPhases = (
				E6EEFC462A9209BC0034D768 /* Sources */,
				E6EEFC472A9209BC0034D768 /* Frameworks */,
				E6EEFC482A9209BC0034D768 /* Resources */,
			);
			buildRules = (
			);
			dependencies = (
			);
			name = "UIKit-Calculator";
			productName = "UIKit-Calculator";
			productReference = E6EEFC4A2A9209BC0034D768 /* UIKit-Calculator.app */;
			productType = "com.apple.product-type.application";
		};
		E6EEFC5F2A9209BD0034D768 /* UIKit-CalculatorTests */ = {
			isa = PBXNativeTarget;
			buildConfigurationList = E6EEFC772A9209BD0034D768 /* Build configuration list for PBXNativeTarget "UIKit-CalculatorTests" */;
			buildPhases = (
				E6EEFC5C2A9209BD0034D768 /* Sources */,
				E6EEFC5D2A9209BD0034D768 /* Frameworks */,
				E6EEFC5E2A9209BD0034D768 /* Resources */,
			);
			buildRules = (
			);
			dependencies = (
				E6EEFC622A9209BD0034D768 /* PBXTargetDependency */,
			);
			name = "UIKit-CalculatorTests";
			productName = "UIKit-CalculatorTests";
			productReference = E6EEFC602A9209BD0034D768 /* UIKit-CalculatorTests.xctest */;
			productType = "com.apple.product-type.bundle.unit-test";
		};
		E6EEFC692A9209BD0034D768 /* UIKit-CalculatorUITests */ = {
			isa = PBXNativeTarget;
			buildConfigurationList = E6EEFC7A2A9209BD0034D768 /* Build configuration list for PBXNativeTarget "UIKit-CalculatorUITests" */;
			buildPhases = (
				E6EEFC662A9209BD0034D768 /* Sources */,
				E6EEFC672A9209BD0034D768 /* Frameworks */,
				E6EEFC682A9209BD0034D768 /* Resources */,
			);
			buildRules = (
			);
			dependencies = (
				E6EEFC6C2A9209BD0034D768 /* PBXTargetDependency */,
			);
			name = "UIKit-CalculatorUITests";
			productName = "UIKit-CalculatorUITests";
			productReference = E6EEFC6A2A9209BD0034D768 /* UIKit-CalculatorUITests.xctest */;
			productType = "com.apple.product-type.bundle.ui-testing";
		};
/* End PBXNativeTarget section */

/* Begin PBXProject section */
		E6EEFC422A9209BC0034D768 /* Project object */ = {
			isa = PBXProject;
			attributes = {
				BuildIndependentTargetsInParallel = 1;
				LastSwiftUpdateCheck = 1430;
				LastUpgradeCheck = 1430;
				TargetAttributes = {
					E6EEFC492A9209BC0034D768 = {
						CreatedOnToolsVersion = 14.3.1;
					};
					E6EEFC5F2A9209BD0034D768 = {
						CreatedOnToolsVersion = 14.3.1;
						TestTargetID = E6EEFC492A9209BC0034D768;
					};
					E6EEFC692A9209BD0034D768 = {
						CreatedOnToolsVersion = 14.3.1;
						TestTargetID = E6EEFC492A9209BC0034D768;
					};
				};
			};
			buildConfigurationList = E6EEFC452A9209BC0034D768 /* Build configuration list for PBXProject "UIKit-Calculator" */;
			compatibilityVersion = "Xcode 14.0";
			developmentRegion = en;
			hasScannedForEncodings = 0;
			knownRegions = (
				en,
				Base,
			);
			mainGroup = E6EEFC412A9209BC0034D768;
			productRefGroup = E6EEFC4B2A9209BC0034D768 /* Products */;
			projectDirPath = "";
			projectRoot = "";
			targets = (
				E6EEFC492A9209BC0034D768 /* UIKit-Calculator */,
				E6EEFC5F2A9209BD0034D768 /* UIKit-CalculatorTests */,
				E6EEFC692A9209BD0034D768 /* UIKit-CalculatorUITests */,
			);
		};
/* End PBXProject section */

/* Begin PBXResourcesBuildPhase section */
		E6EEFC482A9209BC0034D768 /* Resources */ = {
			isa = PBXResourcesBuildPhase;
			buildActionMask = 2147483647;
			files = (
				E6EEFC5A2A9209BD0034D768 /* LaunchScreen.storyboard in Resources */,
				E6EEFC572A9209BD0034D768 /* Assets.xcassets in Resources */,
				E6EEFC552A9209BC0034D768 /* Main.storyboard in Resources */,
			);
			runOnlyForDeploymentPostprocessing = 0;
		};
		E6EEFC5E2A9209BD0034D768 /* Resources */ = {
			isa = PBXResourcesBuildPhase;
			buildActionMask = 2147483647;
			files = (
			);
			runOnlyForDeploymentPostprocessing = 0;
		};
		E6EEFC682A9209BD0034D768 /* Resources */ = {
			isa = PBXResourcesBuildPhase;
			buildActionMask = 2147483647;
			files = (
			);
			runOnlyForDeploymentPostprocessing = 0;
		};
/* End PBXResourcesBuildPhase section */

/* Begin PBXSourcesBuildPhase section */
		E6EEFC462A9209BC0034D768 /* Sources */ = {
			isa = PBXSourcesBuildPhase;
			buildActionMask = 2147483647;
			files = (
				E6EEFC522A9209BC0034D768 /* ViewController.swift in Sources */,
				E6EEFC902A9211120034D768 /* UnaryOperatorType.swift in Sources */,
				E6EEFCA82A928C920034D768 /* ConverterProtocol.swift in Sources */,
				E6EEFCA62A928C8B0034D768 /* Converter.swift in Sources */,
				E6EEFC962A9262160034D768 /* BinaryOperatorType.swift in Sources */,
				E6EEFC8E2A92109A0034D768 /* UnaryOperator.swift in Sources */,
				E6EEFC922A9211850034D768 /* UnaryOperatorProtocol.swift in Sources */,
				E6EEFC9C2A9265C70034D768 /* BinaryOperatorAssociativity.swift in Sources */,
				E6EEFC4E2A9209BC0034D768 /* AppDelegate.swift in Sources */,
				E6EEFC502A9209BC0034D768 /* SceneDelegate.swift in Sources */,
				E6EEFC872A920ABC0034D768 /* Token.swift in Sources */,
				E6EEFC892A920BCA0034D768 /* TokenType.swift in Sources */,
				E6EEFC9F2A9281FC0034D768 /* TokenFactory.swift in Sources */,
				E6EEFC982A9265280034D768 /* BinaryOperatorProtocol.swift in Sources */,
				E6EEFCAA2A928CCC0034D768 /* Typealiases.swift in Sources */,
				E6EEFC942A9261FD0034D768 /* BinaryOperator.swift in Sources */,
				E6EEFC9A2A9265300034D768 /* BinaryOperatorPrecendence.swift in Sources */,
				E6EEFCA42A9287BF0034D768 /* Builder.swift in Sources */,
			);
			runOnlyForDeploymentPostprocessing = 0;
		};
		E6EEFC5C2A9209BD0034D768 /* Sources */ = {
			isa = PBXSourcesBuildPhase;
			buildActionMask = 2147483647;
			files = (
				E6EEFC652A9209BD0034D768 /* UIKit_CalculatorTests.swift in Sources */,
			);
			runOnlyForDeploymentPostprocessing = 0;
		};
		E6EEFC662A9209BD0034D768 /* Sources */ = {
			isa = PBXSourcesBuildPhase;
			buildActionMask = 2147483647;
			files = (
				E6EEFC6F2A9209BD0034D768 /* UIKit_CalculatorUITests.swift in Sources */,
				E6EEFC712A9209BD0034D768 /* UIKit_CalculatorUITestsLaunchTests.swift in Sources */,
			);
			runOnlyForDeploymentPostprocessing = 0;
		};
/* End PBXSourcesBuildPhase section */

/* Begin PBXTargetDependency section */
		E6EEFC622A9209BD0034D768 /* PBXTargetDependency */ = {
			isa = PBXTargetDependency;
			target = E6EEFC492A9209BC0034D768 /* UIKit-Calculator */;
			targetProxy = E6EEFC612A9209BD0034D768 /* PBXContainerItemProxy */;
		};
		E6EEFC6C2A9209BD0034D768 /* PBXTargetDependency */ = {
			isa = PBXTargetDependency;
			target = E6EEFC492A9209BC0034D768 /* UIKit-Calculator */;
			targetProxy = E6EEFC6B2A9209BD0034D768 /* PBXContainerItemProxy */;
		};
/* End PBXTargetDependency section */

/* Begin PBXVariantGroup section */
		E6EEFC532A9209BC0034D768 /* Main.storyboard */ = {
			isa = PBXVariantGroup;
			children = (
				E6EEFC542A9209BC0034D768 /* Base */,
			);
			name = Main.storyboard;
			sourceTree = "<group>";
		};
		E6EEFC582A9209BD0034D768 /* LaunchScreen.storyboard */ = {
			isa = PBXVariantGroup;
			children = (
				E6EEFC592A9209BD0034D768 /* Base */,
			);
			name = LaunchScreen.storyboard;
			sourceTree = "<group>";
		};
/* End PBXVariantGroup section */

/* Begin XCBuildConfiguration section */
		E6EEFC722A9209BD0034D768 /* Debug */ = {
			isa = XCBuildConfiguration;
			buildSettings = {
				ALWAYS_SEARCH_USER_PATHS = NO;
				CLANG_ANALYZER_NONNULL = YES;
				CLANG_ANALYZER_NUMBER_OBJECT_CONVERSION = YES_AGGRESSIVE;
				CLANG_CXX_LANGUAGE_STANDARD = "gnu++20";
				CLANG_ENABLE_MODULES = YES;
				CLANG_ENABLE_OBJC_ARC = YES;
				CLANG_ENABLE_OBJC_WEAK = YES;
				CLANG_WARN_BLOCK_CAPTURE_AUTORELEASING = YES;
				CLANG_WARN_BOOL_CONVERSION = YES;
				CLANG_WARN_COMMA = YES;
				CLANG_WARN_CONSTANT_CONVERSION = YES;
				CLANG_WARN_DEPRECATED_OBJC_IMPLEMENTATIONS = YES;
				CLANG_WARN_DIRECT_OBJC_ISA_USAGE = YES_ERROR;
				CLANG_WARN_DOCUMENTATION_COMMENTS = YES;
				CLANG_WARN_EMPTY_BODY = YES;
				CLANG_WARN_ENUM_CONVERSION = YES;
				CLANG_WARN_INFINITE_RECURSION = YES;
				CLANG_WARN_INT_CONVERSION = YES;
				CLANG_WARN_NON_LITERAL_NULL_CONVERSION = YES;
				CLANG_WARN_OBJC_IMPLICIT_RETAIN_SELF = YES;
				CLANG_WARN_OBJC_LITERAL_CONVERSION = YES;
				CLANG_WARN_OBJC_ROOT_CLASS = YES_ERROR;
				CLANG_WARN_QUOTED_INCLUDE_IN_FRAMEWORK_HEADER = YES;
				CLANG_WARN_RANGE_LOOP_ANALYSIS = YES;
				CLANG_WARN_STRICT_PROTOTYPES = YES;
				CLANG_WARN_SUSPICIOUS_MOVE = YES;
				CLANG_WARN_UNGUARDED_AVAILABILITY = YES_AGGRESSIVE;
				CLANG_WARN_UNREACHABLE_CODE = YES;
				CLANG_WARN__DUPLICATE_METHOD_MATCH = YES;
				COPY_PHASE_STRIP = NO;
				DEBUG_INFORMATION_FORMAT = dwarf;
				ENABLE_STRICT_OBJC_MSGSEND = YES;
				ENABLE_TESTABILITY = YES;
				GCC_C_LANGUAGE_STANDARD = gnu11;
				GCC_DYNAMIC_NO_PIC = NO;
				GCC_NO_COMMON_BLOCKS = YES;
				GCC_OPTIMIZATION_LEVEL = 0;
				GCC_PREPROCESSOR_DEFINITIONS = (
					"DEBUG=1",
					"$(inherited)",
				);
				GCC_WARN_64_TO_32_BIT_CONVERSION = YES;
				GCC_WARN_ABOUT_RETURN_TYPE = YES_ERROR;
				GCC_WARN_UNDECLARED_SELECTOR = YES;
				GCC_WARN_UNINITIALIZED_AUTOS = YES_AGGRESSIVE;
				GCC_WARN_UNUSED_FUNCTION = YES;
				GCC_WARN_UNUSED_VARIABLE = YES;
				IPHONEOS_DEPLOYMENT_TARGET = 16.4;
				MTL_ENABLE_DEBUG_INFO = INCLUDE_SOURCE;
				MTL_FAST_MATH = YES;
				ONLY_ACTIVE_ARCH = YES;
				SDKROOT = iphoneos;
				SWIFT_ACTIVE_COMPILATION_CONDITIONS = DEBUG;
				SWIFT_OPTIMIZATION_LEVEL = "-Onone";
			};
			name = Debug;
		};
		E6EEFC732A9209BD0034D768 /* Release */ = {
			isa = XCBuildConfiguration;
			buildSettings = {
				ALWAYS_SEARCH_USER_PATHS = NO;
				CLANG_ANALYZER_NONNULL = YES;
				CLANG_ANALYZER_NUMBER_OBJECT_CONVERSION = YES_AGGRESSIVE;
				CLANG_CXX_LANGUAGE_STANDARD = "gnu++20";
				CLANG_ENABLE_MODULES = YES;
				CLANG_ENABLE_OBJC_ARC = YES;
				CLANG_ENABLE_OBJC_WEAK = YES;
				CLANG_WARN_BLOCK_CAPTURE_AUTORELEASING = YES;
				CLANG_WARN_BOOL_CONVERSION = YES;
				CLANG_WARN_COMMA = YES;
				CLANG_WARN_CONSTANT_CONVERSION = YES;
				CLANG_WARN_DEPRECATED_OBJC_IMPLEMENTATIONS = YES;
				CLANG_WARN_DIRECT_OBJC_ISA_USAGE = YES_ERROR;
				CLANG_WARN_DOCUMENTATION_COMMENTS = YES;
				CLANG_WARN_EMPTY_BODY = YES;
				CLANG_WARN_ENUM_CONVERSION = YES;
				CLANG_WARN_INFINITE_RECURSION = YES;
				CLANG_WARN_INT_CONVERSION = YES;
				CLANG_WARN_NON_LITERAL_NULL_CONVERSION = YES;
				CLANG_WARN_OBJC_IMPLICIT_RETAIN_SELF = YES;
				CLANG_WARN_OBJC_LITERAL_CONVERSION = YES;
				CLANG_WARN_OBJC_ROOT_CLASS = YES_ERROR;
				CLANG_WARN_QUOTED_INCLUDE_IN_FRAMEWORK_HEADER = YES;
				CLANG_WARN_RANGE_LOOP_ANALYSIS = YES;
				CLANG_WARN_STRICT_PROTOTYPES = YES;
				CLANG_WARN_SUSPICIOUS_MOVE = YES;
				CLANG_WARN_UNGUARDED_AVAILABILITY = YES_AGGRESSIVE;
				CLANG_WARN_UNREACHABLE_CODE = YES;
				CLANG_WARN__DUPLICATE_METHOD_MATCH = YES;
				COPY_PHASE_STRIP = NO;
				DEBUG_INFORMATION_FORMAT = "dwarf-with-dsym";
				ENABLE_NS_ASSERTIONS = NO;
				ENABLE_STRICT_OBJC_MSGSEND = YES;
				GCC_C_LANGUAGE_STANDARD = gnu11;
				GCC_NO_COMMON_BLOCKS = YES;
				GCC_WARN_64_TO_32_BIT_CONVERSION = YES;
				GCC_WARN_ABOUT_RETURN_TYPE = YES_ERROR;
				GCC_WARN_UNDECLARED_SELECTOR = YES;
				GCC_WARN_UNINITIALIZED_AUTOS = YES_AGGRESSIVE;
				GCC_WARN_UNUSED_FUNCTION = YES;
				GCC_WARN_UNUSED_VARIABLE = YES;
				IPHONEOS_DEPLOYMENT_TARGET = 16.4;
				MTL_ENABLE_DEBUG_INFO = NO;
				MTL_FAST_MATH = YES;
				SDKROOT = iphoneos;
				SWIFT_COMPILATION_MODE = wholemodule;
				SWIFT_OPTIMIZATION_LEVEL = "-O";
				VALIDATE_PRODUCT = YES;
			};
			name = Release;
		};
		E6EEFC752A9209BD0034D768 /* Debug */ = {
			isa = XCBuildConfiguration;
			buildSettings = {
				ASSETCATALOG_COMPILER_APPICON_NAME = AppIcon;
				ASSETCATALOG_COMPILER_GLOBAL_ACCENT_COLOR_NAME = AccentColor;
				CODE_SIGN_STYLE = Automatic;
				CURRENT_PROJECT_VERSION = 1;
				DEVELOPMENT_TEAM = CTNN85R6QB;
				GENERATE_INFOPLIST_FILE = YES;
				INFOPLIST_FILE = "UIKit-Calculator/Info.plist";
				INFOPLIST_KEY_UIApplicationSupportsIndirectInputEvents = YES;
				INFOPLIST_KEY_UILaunchStoryboardName = LaunchScreen;
				INFOPLIST_KEY_UIMainStoryboardFile = Main;
				INFOPLIST_KEY_UISupportedInterfaceOrientations = UIInterfaceOrientationPortrait;
				INFOPLIST_KEY_UISupportedInterfaceOrientations_iPad = "UIInterfaceOrientationLandscapeLeft UIInterfaceOrientationLandscapeRight UIInterfaceOrientationPortrait UIInterfaceOrientationPortraitUpsideDown";
				IPHONEOS_DEPLOYMENT_TARGET = 14.0;
				LD_RUNPATH_SEARCH_PATHS = (
					"$(inherited)",
					"@executable_path/Frameworks",
				);
				MARKETING_VERSION = 1.0;
				PRODUCT_BUNDLE_IDENTIFIER = "uz.buzurgmexr.UIKit-Calculator";
				PRODUCT_NAME = "$(TARGET_NAME)";
				SUPPORTED_PLATFORMS = "iphoneos iphonesimulator";
				SUPPORTS_MACCATALYST = NO;
				SUPPORTS_MAC_DESIGNED_FOR_IPHONE_IPAD = NO;
				SWIFT_EMIT_LOC_STRINGS = YES;
				SWIFT_VERSION = 5.0;
				TARGETED_DEVICE_FAMILY = 1;
			};
			name = Debug;
		};
		E6EEFC762A9209BD0034D768 /* Release */ = {
			isa = XCBuildConfiguration;
			buildSettings = {
				ASSETCATALOG_COMPILER_APPICON_NAME = AppIcon;
				ASSETCATALOG_COMPILER_GLOBAL_ACCENT_COLOR_NAME = AccentColor;
				CODE_SIGN_STYLE = Automatic;
				CURRENT_PROJECT_VERSION = 1;
				DEVELOPMENT_TEAM = CTNN85R6QB;
				GENERATE_INFOPLIST_FILE = YES;
				INFOPLIST_FILE = "UIKit-Calculator/Info.plist";
				INFOPLIST_KEY_UIApplicationSupportsIndirectInputEvents = YES;
				INFOPLIST_KEY_UILaunchStoryboardName = LaunchScreen;
				INFOPLIST_KEY_UIMainStoryboardFile = Main;
				INFOPLIST_KEY_UISupportedInterfaceOrientations = UIInterfaceOrientationPortrait;
				INFOPLIST_KEY_UISupportedInterfaceOrientations_iPad = "UIInterfaceOrientationLandscapeLeft UIInterfaceOrientationLandscapeRight UIInterfaceOrientationPortrait UIInterfaceOrientationPortraitUpsideDown";
				IPHONEOS_DEPLOYMENT_TARGET = 14.0;
				LD_RUNPATH_SEARCH_PATHS = (
					"$(inherited)",
					"@executable_path/Frameworks",
				);
				MARKETING_VERSION = 1.0;
				PRODUCT_BUNDLE_IDENTIFIER = "uz.buzurgmexr.UIKit-Calculator";
				PRODUCT_NAME = "$(TARGET_NAME)";
				SUPPORTED_PLATFORMS = "iphoneos iphonesimulator";
				SUPPORTS_MACCATALYST = NO;
				SUPPORTS_MAC_DESIGNED_FOR_IPHONE_IPAD = NO;
				SWIFT_EMIT_LOC_STRINGS = YES;
				SWIFT_VERSION = 5.0;
				TARGETED_DEVICE_FAMILY = 1;
			};
			name = Release;
		};
		E6EEFC782A9209BD0034D768 /* Debug */ = {
			isa = XCBuildConfiguration;
			buildSettings = {
				ALWAYS_EMBED_SWIFT_STANDARD_LIBRARIES = YES;
				BUNDLE_LOADER = "$(TEST_HOST)";
				CODE_SIGN_STYLE = Automatic;
				CURRENT_PROJECT_VERSION = 1;
				DEVELOPMENT_TEAM = CTNN85R6QB;
				GENERATE_INFOPLIST_FILE = YES;
				IPHONEOS_DEPLOYMENT_TARGET = 16.4;
				MARKETING_VERSION = 1.0;
				PRODUCT_BUNDLE_IDENTIFIER = "uz.buzurgmexr.UIKit-CalculatorTests";
				PRODUCT_NAME = "$(TARGET_NAME)";
				SWIFT_EMIT_LOC_STRINGS = NO;
				SWIFT_VERSION = 5.0;
				TARGETED_DEVICE_FAMILY = "1,2";
				TEST_HOST = "$(BUILT_PRODUCTS_DIR)/UIKit-Calculator.app/$(BUNDLE_EXECUTABLE_FOLDER_PATH)/UIKit-Calculator";
			};
			name = Debug;
		};
		E6EEFC792A9209BD0034D768 /* Release */ = {
			isa = XCBuildConfiguration;
			buildSettings = {
				ALWAYS_EMBED_SWIFT_STANDARD_LIBRARIES = YES;
				BUNDLE_LOADER = "$(TEST_HOST)";
				CODE_SIGN_STYLE = Automatic;
				CURRENT_PROJECT_VERSION = 1;
				DEVELOPMENT_TEAM = CTNN85R6QB;
				GENERATE_INFOPLIST_FILE = YES;
				IPHONEOS_DEPLOYMENT_TARGET = 16.4;
				MARKETING_VERSION = 1.0;
				PRODUCT_BUNDLE_IDENTIFIER = "uz.buzurgmexr.UIKit-CalculatorTests";
				PRODUCT_NAME = "$(TARGET_NAME)";
				SWIFT_EMIT_LOC_STRINGS = NO;
				SWIFT_VERSION = 5.0;
				TARGETED_DEVICE_FAMILY = "1,2";
				TEST_HOST = "$(BUILT_PRODUCTS_DIR)/UIKit-Calculator.app/$(BUNDLE_EXECUTABLE_FOLDER_PATH)/UIKit-Calculator";
			};
			name = Release;
		};
		E6EEFC7B2A9209BD0034D768 /* Debug */ = {
			isa = XCBuildConfiguration;
			buildSettings = {
				ALWAYS_EMBED_SWIFT_STANDARD_LIBRARIES = YES;
				CODE_SIGN_STYLE = Automatic;
				CURRENT_PROJECT_VERSION = 1;
				DEVELOPMENT_TEAM = CTNN85R6QB;
				GENERATE_INFOPLIST_FILE = YES;
				MARKETING_VERSION = 1.0;
				PRODUCT_BUNDLE_IDENTIFIER = "uz.buzurgmexr.UIKit-CalculatorUITests";
				PRODUCT_NAME = "$(TARGET_NAME)";
				SWIFT_EMIT_LOC_STRINGS = NO;
				SWIFT_VERSION = 5.0;
				TARGETED_DEVICE_FAMILY = "1,2";
				TEST_TARGET_NAME = "UIKit-Calculator";
			};
			name = Debug;
		};
		E6EEFC7C2A9209BD0034D768 /* Release */ = {
			isa = XCBuildConfiguration;
			buildSettings = {
				ALWAYS_EMBED_SWIFT_STANDARD_LIBRARIES = YES;
				CODE_SIGN_STYLE = Automatic;
				CURRENT_PROJECT_VERSION = 1;
				DEVELOPMENT_TEAM = CTNN85R6QB;
				GENERATE_INFOPLIST_FILE = YES;
				MARKETING_VERSION = 1.0;
				PRODUCT_BUNDLE_IDENTIFIER = "uz.buzurgmexr.UIKit-CalculatorUITests";
				PRODUCT_NAME = "$(TARGET_NAME)";
				SWIFT_EMIT_LOC_STRINGS = NO;
				SWIFT_VERSION = 5.0;
				TARGETED_DEVICE_FAMILY = "1,2";
				TEST_TARGET_NAME = "UIKit-Calculator";
			};
			name = Release;
		};
/* End XCBuildConfiguration section */

/* Begin XCConfigurationList section */
		E6EEFC452A9209BC0034D768 /* Build configuration list for PBXProject "UIKit-Calculator" */ = {
			isa = XCConfigurationList;
			buildConfigurations = (
				E6EEFC722A9209BD0034D768 /* Debug */,
				E6EEFC732A9209BD0034D768 /* Release */,
			);
			defaultConfigurationIsVisible = 0;
			defaultConfigurationName = Release;
		};
		E6EEFC742A9209BD0034D768 /* Build configuration list for PBXNativeTarget "UIKit-Calculator" */ = {
			isa = XCConfigurationList;
			buildConfigurations = (
				E6EEFC752A9209BD0034D768 /* Debug */,
				E6EEFC762A9209BD0034D768 /* Release */,
			);
			defaultConfigurationIsVisible = 0;
			defaultConfigurationName = Release;
		};
		E6EEFC772A9209BD0034D768 /* Build configuration list for PBXNativeTarget "UIKit-CalculatorTests" */ = {
			isa = XCConfigurationList;
			buildConfigurations = (
				E6EEFC782A9209BD0034D768 /* Debug */,
				E6EEFC792A9209BD0034D768 /* Release */,
			);
			defaultConfigurationIsVisible = 0;
			defaultConfigurationName = Release;
		};
		E6EEFC7A2A9209BD0034D768 /* Build configuration list for PBXNativeTarget "UIKit-CalculatorUITests" */ = {
			isa = XCConfigurationList;
			buildConfigurations = (
				E6EEFC7B2A9209BD0034D768 /* Debug */,
				E6EEFC7C2A9209BD0034D768 /* Release */,
			);
			defaultConfigurationIsVisible = 0;
			defaultConfigurationName = Release;
		};
/* End XCConfigurationList section */
	};
	rootObject = E6EEFC422A9209BC0034D768 /* Project object */;
}
